
Microsoft Visual Studio Solution File, Format Version 12.00
# Visual Studio Version 16
VisualStudioVersion = 16.0.30523.141
MinimumVisualStudioVersion = 10.0.40219.1
Project("{8BC9CEB8-8B4A-11D0-8D11-00A0C91BC942}") = "SFML and Visual Studio", "SFML and Visual Studio\SFML and Visual Studio.vcxproj", "{60E9F8EE-96AD-429E-A930-A2D7921C61D6}"
EndProject
Project("{8BC9CEB8-8B4A-11D0-8D11-00A0C91BC942}") = "Single File Program", "Single File Program\Single File Program.vcxproj", "{5739D563-6702-4200-8310-7A69CD008F8B}"
EndProject
Project("{8BC9CEB8-8B4A-11D0-8D11-00A0C91BC942}") = "Multi File Program", "Multi File Program\Multi File Program.vcxproj", "{6B783070-CDB5-4AF7-B70E-D74336D9CC8C}"
EndProject
Project("{8BC9CEB8-8B4A-11D0-8D11-00A0C91BC942}") = "Level Editor", "Level Editor\Level Editor.vcxproj", "{3E544943-C5F3-4673-9827-2B7DA3A3E1F1}"
EndProject
Project("{8BC9CEB8-8B4A-11D0-8D11-00A0C91BC942}") = "Keyboard Input", "Keyboard Input\Keyboard Input.vcxproj", "{3B87C660-0FBC-4A1B-8910-0FAE372F01D2}"
EndProject
Project("{8BC9CEB8-8B4A-11D0-8D11-00A0C91BC942}") = "Collision Detection", "Collision Detection\Collision Detection.vcxproj", "{DCFA6680-C798-4969-A7B0-AB9345D80378}"
EndProject
Project("{8BC9CEB8-8B4A-11D0-8D11-00A0C91BC942}") = "Collision Detection II", "Collision Detection II\Collision Detection II.vcxproj", "{B6BCC4E2-DE24-47CE-A50F-B54D2B2BEA9B}"
EndProject
Project("{8BC9CEB8-8B4A-11D0-8D11-00A0C91BC942}") = "1D Arrays of Bricks", "1D Arrays of Bricks\1D Arrays of Bricks.vcxproj", "{900D9AE2-CDF8-46F4-8AD1-A99D1AFAA8D1}"
EndProject
Project("{8BC9CEB8-8B4A-11D0-8D11-00A0C91BC942}") = "2D Array of Bricks", "2D Array of Bricks\2D Array of Bricks.vcxproj", "{973DB748-97AF-4473-B11D-A592D3C6DF11}"
EndProject
Project("{8BC9CEB8-8B4A-11D0-8D11-00A0C91BC942}") = "Random Direction", "Random Direction\Random Direction.vcxproj", "{0BFDF9D9-B49E-47EF-9AA9-66A01861EBCE}"
EndProject
Project("{8BC9CEB8-8B4A-11D0-8D11-00A0C91BC942}") = "Text", "Text\Text.vcxproj", "{B984823C-D3C2-4A9A-8F3D-ED4965D1D2D7}"
EndProject
Project("{8BC9CEB8-8B4A-11D0-8D11-00A0C91BC942}") = "Mouse", "Mouse\Mouse.vcxproj", "{7C31B686-6B18-4D71-BD05-859D113C360A}"
EndProject
Project("{8BC9CEB8-8B4A-11D0-8D11-00A0C91BC942}") = "Write To File", "Write To File\Write To File.vcxproj", "{60D4ABE6-D236-408C-B88D-5A6DE1030A2D}"
EndProject
Project("{8BC9CEB8-8B4A-11D0-8D11-00A0C91BC942}") = "Read From File", "Read From File\Read From File.vcxproj", "{D74E1774-AA15-4692-BB0F-CC15002280AA}"
EndProject
Project("{8BC9CEB8-8B4A-11D0-8D11-00A0C91BC942}") = "Textures and Sprites", "Textures and Sprites\Textures and Sprites.vcxproj", "{52594955-05F3-490F-98CB-0CFD4929241D}"
EndProject
Project("{8BC9CEB8-8B4A-11D0-8D11-00A0C91BC942}") = "Pointers", "Pointers\Pointers.vcxproj", "{5E33E780-CDBD-4B22-9BED-16F2952BD44E}"
EndProject
Project("{8BC9CEB8-8B4A-11D0-8D11-00A0C91BC942}") = "enum class", "enum class\enum class.vcxproj", "{60DC13DA-F45B-41C3-9198-AFE576A93F3D}"
EndProject
Project("{8BC9CEB8-8B4A-11D0-8D11-00A0C91BC942}") = "Pass By Value", "Pass By Value\Pass By Value.vcxproj", "{102D0F50-72D5-4613-AFDF-285C7BA959F1}"
EndProject
Project("{8BC9CEB8-8B4A-11D0-8D11-00A0C91BC942}") = "Pass By Reference", "Pass By Reference\Pass By Reference.vcxproj", "{81540A27-AADF-474D-9AB6-E0BB30857DDF}"
EndProject
Project("{8BC9CEB8-8B4A-11D0-8D11-00A0C91BC942}") = "Pass By Array", "Pass By Array\Pass By Array.vcxproj", "{36597EB3-B61B-4B28-ACC9-595A04A55ECC}"
EndProject
Project("{8BC9CEB8-8B4A-11D0-8D11-00A0C91BC942}") = "Return A Pointer", "Return A Pointer\Return A Pointer.vcxproj", "{3EEDEB8A-1DAE-44F3-BBDF-2D0B29808FC1}"
EndProject
Global
	GlobalSection(SolutionConfigurationPlatforms) = preSolution
		Debug|x64 = Debug|x64
		Debug|x86 = Debug|x86
		Release|x64 = Release|x64
		Release|x86 = Release|x86
	EndGlobalSection
	GlobalSection(ProjectConfigurationPlatforms) = postSolution
		{60E9F8EE-96AD-429E-A930-A2D7921C61D6}.Debug|x64.ActiveCfg = Debug|x64
		{60E9F8EE-96AD-429E-A930-A2D7921C61D6}.Debug|x64.Build.0 = Debug|x64
		{60E9F8EE-96AD-429E-A930-A2D7921C61D6}.Debug|x86.ActiveCfg = Debug|Win32
		{60E9F8EE-96AD-429E-A930-A2D7921C61D6}.Debug|x86.Build.0 = Debug|Win32
		{60E9F8EE-96AD-429E-A930-A2D7921C61D6}.Release|x64.ActiveCfg = Release|x64
		{60E9F8EE-96AD-429E-A930-A2D7921C61D6}.Release|x64.Build.0 = Release|x64
		{60E9F8EE-96AD-429E-A930-A2D7921C61D6}.Release|x86.ActiveCfg = Release|Win32
		{60E9F8EE-96AD-429E-A930-A2D7921C61D6}.Release|x86.Build.0 = Release|Win32
		{5739D563-6702-4200-8310-7A69CD008F8B}.Debug|x64.ActiveCfg = Debug|x64
		{5739D563-6702-4200-8310-7A69CD008F8B}.Debug|x64.Build.0 = Debug|x64
		{5739D563-6702-4200-8310-7A69CD008F8B}.Debug|x86.ActiveCfg = Debug|Win32
		{5739D563-6702-4200-8310-7A69CD008F8B}.Debug|x86.Build.0 = Debug|Win32
		{5739D563-6702-4200-8310-7A69CD008F8B}.Release|x64.ActiveCfg = Release|x64
		{5739D563-6702-4200-8310-7A69CD008F8B}.Release|x64.Build.0 = Release|x64
		{5739D563-6702-4200-8310-7A69CD008F8B}.Release|x86.ActiveCfg = Release|Win32
		{5739D563-6702-4200-8310-7A69CD008F8B}.Release|x86.Build.0 = Release|Win32
		{6B783070-CDB5-4AF7-B70E-D74336D9CC8C}.Debug|x64.ActiveCfg = Debug|x64
		{6B783070-CDB5-4AF7-B70E-D74336D9CC8C}.Debug|x64.Build.0 = Debug|x64
		{6B783070-CDB5-4AF7-B70E-D74336D9CC8C}.Debug|x86.ActiveCfg = Debug|Win32
		{6B783070-CDB5-4AF7-B70E-D74336D9CC8C}.Debug|x86.Build.0 = Debug|Win32
		{6B783070-CDB5-4AF7-B70E-D74336D9CC8C}.Release|x64.ActiveCfg = Release|x64
		{6B783070-CDB5-4AF7-B70E-D74336D9CC8C}.Release|x64.Build.0 = Release|x64
		{6B783070-CDB5-4AF7-B70E-D74336D9CC8C}.Release|x86.ActiveCfg = Release|Win32
		{6B783070-CDB5-4AF7-B70E-D74336D9CC8C}.Release|x86.Build.0 = Release|Win32
		{3E544943-C5F3-4673-9827-2B7DA3A3E1F1}.Debug|x64.ActiveCfg = Debug|x64
		{3E544943-C5F3-4673-9827-2B7DA3A3E1F1}.Debug|x64.Build.0 = Debug|x64
		{3E544943-C5F3-4673-9827-2B7DA3A3E1F1}.Debug|x86.ActiveCfg = Debug|Win32
		{3E544943-C5F3-4673-9827-2B7DA3A3E1F1}.Debug|x86.Build.0 = Debug|Win32
		{3E544943-C5F3-4673-9827-2B7DA3A3E1F1}.Release|x64.ActiveCfg = Release|x64
		{3E544943-C5F3-4673-9827-2B7DA3A3E1F1}.Release|x64.Build.0 = Release|x64
		{3E544943-C5F3-4673-9827-2B7DA3A3E1F1}.Release|x86.ActiveCfg = Release|Win32
		{3E544943-C5F3-4673-9827-2B7DA3A3E1F1}.Release|x86.Build.0 = Release|Win32
		{3B87C660-0FBC-4A1B-8910-0FAE372F01D2}.Debug|x64.ActiveCfg = Debug|x64
		{3B87C660-0FBC-4A1B-8910-0FAE372F01D2}.Debug|x64.Build.0 = Debug|x64
		{3B87C660-0FBC-4A1B-8910-0FAE372F01D2}.Debug|x86.ActiveCfg = Debug|Win32
		{3B87C660-0FBC-4A1B-8910-0FAE372F01D2}.Debug|x86.Build.0 = Debug|Win32
		{3B87C660-0FBC-4A1B-8910-0FAE372F01D2}.Release|x64.ActiveCfg = Release|x64
		{3B87C660-0FBC-4A1B-8910-0FAE372F01D2}.Release|x64.Build.0 = Release|x64
		{3B87C660-0FBC-4A1B-8910-0FAE372F01D2}.Release|x86.ActiveCfg = Release|Win32
		{3B87C660-0FBC-4A1B-8910-0FAE372F01D2}.Release|x86.Build.0 = Release|Win32
		{DCFA6680-C798-4969-A7B0-AB9345D80378}.Debug|x64.ActiveCfg = Debug|x64
		{DCFA6680-C798-4969-A7B0-AB9345D80378}.Debug|x64.Build.0 = Debug|x64
		{DCFA6680-C798-4969-A7B0-AB9345D80378}.Debug|x86.ActiveCfg = Debug|Win32
		{DCFA6680-C798-4969-A7B0-AB9345D80378}.Debug|x86.Build.0 = Debug|Win32
		{DCFA6680-C798-4969-A7B0-AB9345D80378}.Release|x64.ActiveCfg = Release|x64
		{DCFA6680-C798-4969-A7B0-AB9345D80378}.Release|x64.Build.0 = Release|x64
		{DCFA6680-C798-4969-A7B0-AB9345D80378}.Release|x86.ActiveCfg = Release|Win32
		{DCFA6680-C798-4969-A7B0-AB9345D80378}.Release|x86.Build.0 = Release|Win32
		{B6BCC4E2-DE24-47CE-A50F-B54D2B2BEA9B}.Debug|x64.ActiveCfg = Debug|x64
		{B6BCC4E2-DE24-47CE-A50F-B54D2B2BEA9B}.Debug|x64.Build.0 = Debug|x64
		{B6BCC4E2-DE24-47CE-A50F-B54D2B2BEA9B}.Debug|x86.ActiveCfg = Debug|Win32
		{B6BCC4E2-DE24-47CE-A50F-B54D2B2BEA9B}.Debug|x86.Build.0 = Debug|Win32
		{B6BCC4E2-DE24-47CE-A50F-B54D2B2BEA9B}.Release|x64.ActiveCfg = Release|x64
		{B6BCC4E2-DE24-47CE-A50F-B54D2B2BEA9B}.Release|x64.Build.0 = Release|x64
		{B6BCC4E2-DE24-47CE-A50F-B54D2B2BEA9B}.Release|x86.ActiveCfg = Release|Win32
		{B6BCC4E2-DE24-47CE-A50F-B54D2B2BEA9B}.Release|x86.Build.0 = Release|Win32
		{900D9AE2-CDF8-46F4-8AD1-A99D1AFAA8D1}.Debug|x64.ActiveCfg = Debug|x64
		{900D9AE2-CDF8-46F4-8AD1-A99D1AFAA8D1}.Debug|x64.Build.0 = Debug|x64
		{900D9AE2-CDF8-46F4-8AD1-A99D1AFAA8D1}.Debug|x86.ActiveCfg = Debug|Win32
		{900D9AE2-CDF8-46F4-8AD1-A99D1AFAA8D1}.Debug|x86.Build.0 = Debug|Win32
		{900D9AE2-CDF8-46F4-8AD1-A99D1AFAA8D1}.Release|x64.ActiveCfg = Release|x64
		{900D9AE2-CDF8-46F4-8AD1-A99D1AFAA8D1}.Release|x64.Build.0 = Release|x64
		{900D9AE2-CDF8-46F4-8AD1-A99D1AFAA8D1}.Release|x86.ActiveCfg = Release|Win32
		{900D9AE2-CDF8-46F4-8AD1-A99D1AFAA8D1}.Release|x86.Build.0 = Release|Win32
		{973DB748-97AF-4473-B11D-A592D3C6DF11}.Debug|x64.ActiveCfg = Debug|x64
		{973DB748-97AF-4473-B11D-A592D3C6DF11}.Debug|x64.Build.0 = Debug|x64
		{973DB748-97AF-4473-B11D-A592D3C6DF11}.Debug|x86.ActiveCfg = Debug|Win32
		{973DB748-97AF-4473-B11D-A592D3C6DF11}.Debug|x86.Build.0 = Debug|Win32
		{973DB748-97AF-4473-B11D-A592D3C6DF11}.Release|x64.ActiveCfg = Release|x64
		{973DB748-97AF-4473-B11D-A592D3C6DF11}.Release|x64.Build.0 = Release|x64
		{973DB748-97AF-4473-B11D-A592D3C6DF11}.Release|x86.ActiveCfg = Release|Win32
		{973DB748-97AF-4473-B11D-A592D3C6DF11}.Release|x86.Build.0 = Release|Win32
		{0BFDF9D9-B49E-47EF-9AA9-66A01861EBCE}.Debug|x64.ActiveCfg = Debug|x64
		{0BFDF9D9-B49E-47EF-9AA9-66A01861EBCE}.Debug|x64.Build.0 = Debug|x64
		{0BFDF9D9-B49E-47EF-9AA9-66A01861EBCE}.Debug|x86.ActiveCfg = Debug|Win32
		{0BFDF9D9-B49E-47EF-9AA9-66A01861EBCE}.Debug|x86.Build.0 = Debug|Win32
		{0BFDF9D9-B49E-47EF-9AA9-66A01861EBCE}.Release|x64.ActiveCfg = Release|x64
		{0BFDF9D9-B49E-47EF-9AA9-66A01861EBCE}.Release|x64.Build.0 = Release|x64
		{0BFDF9D9-B49E-47EF-9AA9-66A01861EBCE}.Release|x86.ActiveCfg = Release|Win32
		{0BFDF9D9-B49E-47EF-9AA9-66A01861EBCE}.Release|x86.Build.0 = Release|Win32
		{B984823C-D3C2-4A9A-8F3D-ED4965D1D2D7}.Debug|x64.ActiveCfg = Debug|x64
		{B984823C-D3C2-4A9A-8F3D-ED4965D1D2D7}.Debug|x64.Build.0 = Debug|x64
		{B984823C-D3C2-4A9A-8F3D-ED4965D1D2D7}.Debug|x86.ActiveCfg = Debug|Win32
		{B984823C-D3C2-4A9A-8F3D-ED4965D1D2D7}.Debug|x86.Build.0 = Debug|Win32
		{B984823C-D3C2-4A9A-8F3D-ED4965D1D2D7}.Release|x64.ActiveCfg = Release|x64
		{B984823C-D3C2-4A9A-8F3D-ED4965D1D2D7}.Release|x64.Build.0 = Release|x64
		{B984823C-D3C2-4A9A-8F3D-ED4965D1D2D7}.Release|x86.ActiveCfg = Release|Win32
		{B984823C-D3C2-4A9A-8F3D-ED4965D1D2D7}.Release|x86.Build.0 = Release|Win32
		{7C31B686-6B18-4D71-BD05-859D113C360A}.Debug|x64.ActiveCfg = Debug|x64
		{7C31B686-6B18-4D71-BD05-859D113C360A}.Debug|x64.Build.0 = Debug|x64
		{7C31B686-6B18-4D71-BD05-859D113C360A}.Debug|x86.ActiveCfg = Debug|Win32
		{7C31B686-6B18-4D71-BD05-859D113C360A}.Debug|x86.Build.0 = Debug|Win32
		{7C31B686-6B18-4D71-BD05-859D113C360A}.Release|x64.ActiveCfg = Release|x64
		{7C31B686-6B18-4D71-BD05-859D113C360A}.Release|x64.Build.0 = Release|x64
		{7C31B686-6B18-4D71-BD05-859D113C360A}.Release|x86.ActiveCfg = Release|Win32
		{7C31B686-6B18-4D71-BD05-859D113C360A}.Release|x86.Build.0 = Release|Win32
		{60D4ABE6-D236-408C-B88D-5A6DE1030A2D}.Debug|x64.ActiveCfg = Debug|x64
		{60D4ABE6-D236-408C-B88D-5A6DE1030A2D}.Debug|x64.Build.0 = Debug|x64
		{60D4ABE6-D236-408C-B88D-5A6DE1030A2D}.Debug|x86.ActiveCfg = Debug|Win32
		{60D4ABE6-D236-408C-B88D-5A6DE1030A2D}.Debug|x86.Build.0 = Debug|Win32
		{60D4ABE6-D236-408C-B88D-5A6DE1030A2D}.Release|x64.ActiveCfg = Release|x64
		{60D4ABE6-D236-408C-B88D-5A6DE1030A2D}.Release|x64.Build.0 = Release|x64
		{60D4ABE6-D236-408C-B88D-5A6DE1030A2D}.Release|x86.ActiveCfg = Release|Win32
		{60D4ABE6-D236-408C-B88D-5A6DE1030A2D}.Release|x86.Build.0 = Release|Win32
		{D74E1774-AA15-4692-BB0F-CC15002280AA}.Debug|x64.ActiveCfg = Debug|x64
		{D74E1774-AA15-4692-BB0F-CC15002280AA}.Debug|x64.Build.0 = Debug|x64
		{D74E1774-AA15-4692-BB0F-CC15002280AA}.Debug|x86.ActiveCfg = Debug|Win32
		{D74E1774-AA15-4692-BB0F-CC15002280AA}.Debug|x86.Build.0 = Debug|Win32
		{D74E1774-AA15-4692-BB0F-CC15002280AA}.Release|x64.ActiveCfg = Release|x64
		{D74E1774-AA15-4692-BB0F-CC15002280AA}.Release|x64.Build.0 = Release|x64
		{D74E1774-AA15-4692-BB0F-CC15002280AA}.Release|x86.ActiveCfg = Release|Win32
		{D74E1774-AA15-4692-BB0F-CC15002280AA}.Release|x86.Build.0 = Release|Win32
		{52594955-05F3-490F-98CB-0CFD4929241D}.Debug|x64.ActiveCfg = Debug|x64
		{52594955-05F3-490F-98CB-0CFD4929241D}.Debug|x64.Build.0 = Debug|x64
		{52594955-05F3-490F-98CB-0CFD4929241D}.Debug|x86.ActiveCfg = Debug|Win32
		{52594955-05F3-490F-98CB-0CFD4929241D}.Debug|x86.Build.0 = Debug|Win32
		{52594955-05F3-490F-98CB-0CFD4929241D}.Release|x64.ActiveCfg = Release|x64
		{52594955-05F3-490F-98CB-0CFD4929241D}.Release|x64.Build.0 = Release|x64
		{52594955-05F3-490F-98CB-0CFD4929241D}.Release|x86.ActiveCfg = Release|Win32
		{52594955-05F3-490F-98CB-0CFD4929241D}.Release|x86.Build.0 = Release|Win32
		{5E33E780-CDBD-4B22-9BED-16F2952BD44E}.Debug|x64.ActiveCfg = Debug|x64
		{5E33E780-CDBD-4B22-9BED-16F2952BD44E}.Debug|x64.Build.0 = Debug|x64
		{5E33E780-CDBD-4B22-9BED-16F2952BD44E}.Debug|x86.ActiveCfg = Debug|Win32
		{5E33E780-CDBD-4B22-9BED-16F2952BD44E}.Debug|x86.Build.0 = Debug|Win32
		{5E33E780-CDBD-4B22-9BED-16F2952BD44E}.Release|x64.ActiveCfg = Release|x64
		{5E33E780-CDBD-4B22-9BED-16F2952BD44E}.Release|x64.Build.0 = Release|x64
		{5E33E780-CDBD-4B22-9BED-16F2952BD44E}.Release|x86.ActiveCfg = Release|Win32
		{5E33E780-CDBD-4B22-9BED-16F2952BD44E}.Release|x86.Build.0 = Release|Win32
		{60DC13DA-F45B-41C3-9198-AFE576A93F3D}.Debug|x64.ActiveCfg = Debug|x64
		{60DC13DA-F45B-41C3-9198-AFE576A93F3D}.Debug|x64.Build.0 = Debug|x64
		{60DC13DA-F45B-41C3-9198-AFE576A93F3D}.Debug|x86.ActiveCfg = Debug|Win32
		{60DC13DA-F45B-41C3-9198-AFE576A93F3D}.Debug|x86.Build.0 = Debug|Win32
		{60DC13DA-F45B-41C3-9198-AFE576A93F3D}.Release|x64.ActiveCfg = Release|x64
		{60DC13DA-F45B-41C3-9198-AFE576A93F3D}.Release|x64.Build.0 = Release|x64
		{60DC13DA-F45B-41C3-9198-AFE576A93F3D}.Release|x86.ActiveCfg = Release|Win32
		{60DC13DA-F45B-41C3-9198-AFE576A93F3D}.Release|x86.Build.0 = Release|Win32
		{102D0F50-72D5-4613-AFDF-285C7BA959F1}.Debug|x64.ActiveCfg = Debug|x64
		{102D0F50-72D5-4613-AFDF-285C7BA959F1}.Debug|x64.Build.0 = Debug|x64
		{102D0F50-72D5-4613-AFDF-285C7BA959F1}.Debug|x86.ActiveCfg = Debug|Win32
		{102D0F50-72D5-4613-AFDF-285C7BA959F1}.Debug|x86.Build.0 = Debug|Win32
		{102D0F50-72D5-4613-AFDF-285C7BA959F1}.Release|x64.ActiveCfg = Release|x64
		{102D0F50-72D5-4613-AFDF-285C7BA959F1}.Release|x64.Build.0 = Release|x64
		{102D0F50-72D5-4613-AFDF-285C7BA959F1}.Release|x86.ActiveCfg = Release|Win32
		{102D0F50-72D5-4613-AFDF-285C7BA959F1}.Release|x86.Build.0 = Release|Win32
		{81540A27-AADF-474D-9AB6-E0BB30857DDF}.Debug|x64.ActiveCfg = Debug|x64
		{81540A27-AADF-474D-9AB6-E0BB30857DDF}.Debug|x64.Build.0 = Debug|x64
		{81540A27-AADF-474D-9AB6-E0BB30857DDF}.Debug|x86.ActiveCfg = Debug|Win32
		{81540A27-AADF-474D-9AB6-E0BB30857DDF}.Debug|x86.Build.0 = Debug|Win32
		{81540A27-AADF-474D-9AB6-E0BB30857DDF}.Release|x64.ActiveCfg = Release|x64
		{81540A27-AADF-474D-9AB6-E0BB30857DDF}.Release|x64.Build.0 = Release|x64
		{81540A27-AADF-474D-9AB6-E0BB30857DDF}.Release|x86.ActiveCfg = Release|Win32
		{81540A27-AADF-474D-9AB6-E0BB30857DDF}.Release|x86.Build.0 = Release|Win32
		{36597EB3-B61B-4B28-ACC9-595A04A55ECC}.Debug|x64.ActiveCfg = Debug|x64
		{36597EB3-B61B-4B28-ACC9-595A04A55ECC}.Debug|x64.Build.0 = Debug|x64
		{36597EB3-B61B-4B28-ACC9-595A04A55ECC}.Debug|x86.ActiveCfg = Debug|Win32
		{36597EB3-B61B-4B28-ACC9-595A04A55ECC}.Debug|x86.Build.0 = Debug|Win32
		{36597EB3-B61B-4B28-ACC9-595A04A55ECC}.Release|x64.ActiveCfg = Release|x64
		{36597EB3-B61B-4B28-ACC9-595A04A55ECC}.Release|x64.Build.0 = Release|x64
		{36597EB3-B61B-4B28-ACC9-595A04A55ECC}.Release|x86.ActiveCfg = Release|Win32
		{36597EB3-B61B-4B28-ACC9-595A04A55ECC}.Release|x86.Build.0 = Release|Win32
		{3EEDEB8A-1DAE-44F3-BBDF-2D0B29808FC1}.Debug|x64.ActiveCfg = Debug|x64
		{3EEDEB8A-1DAE-44F3-BBDF-2D0B29808FC1}.Debug|x64.Build.0 = Debug|x64
		{3EEDEB8A-1DAE-44F3-BBDF-2D0B29808FC1}.Debug|x86.ActiveCfg = Debug|Win32
		{3EEDEB8A-1DAE-44F3-BBDF-2D0B29808FC1}.Debug|x86.Build.0 = Debug|Win32
		{3EEDEB8A-1DAE-44F3-BBDF-2D0B29808FC1}.Release|x64.ActiveCfg = Release|x64
		{3EEDEB8A-1DAE-44F3-BBDF-2D0B29808FC1}.Release|x64.Build.0 = Release|x64
		{3EEDEB8A-1DAE-44F3-BBDF-2D0B29808FC1}.Release|x86.ActiveCfg = Release|Win32
		{3EEDEB8A-1DAE-44F3-BBDF-2D0B29808FC1}.Release|x86.Build.0 = Release|Win32
	EndGlobalSection
	GlobalSection(SolutionProperties) = preSolution
		HideSolutionNode = FALSE
	EndGlobalSection
	GlobalSection(ExtensibilityGlobals) = postSolution
		SolutionGuid = {41A0F11F-715D-430C-A5B3-FE30F689518C}
	EndGlobalSection
EndGlobal
